version = 1
revision = 2
requires-python = ">=3.13"

[[package]]
name = "boto3"
version = "1.40.0"
source = { registry = "https://bdois-090779586235.d.codeartifact.ap-southeast-2.amazonaws.com/pypi/bdois/simple/" }
dependencies = [
    { name = "botocore" },
    { name = "jmespath" },
    { name = "s3transfer" },
]
sdist = { url = "https://bdois-090779586235.d.codeartifact.ap-southeast-2.amazonaws.com/pypi/bdois/simple/boto3/1.40.0/boto3-1.40.0.tar.gz", hash = "sha256:fc1b3ca3baf3d8820c6faddf47cbba8ad3cd16f8e8d7e2f76d304bf995932eb7" }
wheels = [
    { url = "https://bdois-090779586235.d.codeartifact.ap-southeast-2.amazonaws.com/pypi/bdois/simple/boto3/1.40.0/boto3-1.40.0-py3-none-any.whl", hash = "sha256:959443055d2af676c336cc6033b3f870a8a924384b70d0b2905081d649378179" },
]

[[package]]
name = "botocore"
version = "1.40.0"
source = { registry = "https://bdois-090779586235.d.codeartifact.ap-southeast-2.amazonaws.com/pypi/bdois/simple/" }
dependencies = [
    { name = "jmespath" },
    { name = "python-dateutil" },
    { name = "urllib3" },
]
sdist = { url = "https://bdois-090779586235.d.codeartifact.ap-southeast-2.amazonaws.com/pypi/bdois/simple/botocore/1.40.0/botocore-1.40.0.tar.gz", hash = "sha256:850242560dc8e74d542045a81eb6cc15f1b730b4ba55ba5b30e6d686548dfcaf" }
wheels = [
    { url = "https://bdois-090779586235.d.codeartifact.ap-southeast-2.amazonaws.com/pypi/bdois/simple/botocore/1.40.0/botocore-1.40.0-py3-none-any.whl", hash = "sha256:2063e6d035a6a382b2ae37e40f5144044e55d4e091910d0c9f1be3121ad3e4e6" },
]

[[package]]
name = "colorama"
version = "0.4.6"
source = { registry = "https://bdois-090779586235.d.codeartifact.ap-southeast-2.amazonaws.com/pypi/bdois/simple/" }
sdist = { url = "https://bdois-090779586235.d.codeartifact.ap-southeast-2.amazonaws.com/pypi/bdois/simple/colorama/0.4.6/colorama-0.4.6.tar.gz", hash = "sha256:08695f5cb7ed6e0531a20572697297273c47b8cae5a63ffc6d6ed5c201be6e44" }
wheels = [
    { url = "https://bdois-090779586235.d.codeartifact.ap-southeast-2.amazonaws.com/pypi/bdois/simple/colorama/0.4.6/colorama-0.4.6-py2.py3-none-any.whl", hash = "sha256:4f1d9991f5acc0ca119f9d443620b77f9d6b33703e51011c16baf57afb285fc6" },
]

[[package]]
name = "coverage"
version = "7.10.2"
source = { registry = "https://bdois-090779586235.d.codeartifact.ap-southeast-2.amazonaws.com/pypi/bdois/simple/" }
sdist = { url = "https://bdois-090779586235.d.codeartifact.ap-southeast-2.amazonaws.com/pypi/bdois/simple/coverage/7.10.2/coverage-7.10.2.tar.gz", hash = "sha256:5d6e6d84e6dd31a8ded64759626627247d676a23c1b892e1326f7c55c8d61055" }
wheels = [
    { url = "https://bdois-090779586235.d.codeartifact.ap-southeast-2.amazonaws.com/pypi/bdois/simple/coverage/7.10.2/coverage-7.10.2-cp313-cp313-macosx_10_13_x86_64.whl", hash = "sha256:aca7b5645afa688de6d4f8e89d30c577f62956fefb1bad021490d63173874186" },
    { url = "https://bdois-090779586235.d.codeartifact.ap-southeast-2.amazonaws.com/pypi/bdois/simple/coverage/7.10.2/coverage-7.10.2-cp313-cp313-macosx_11_0_arm64.whl", hash = "sha256:96e5921342574a14303dfdb73de0019e1ac041c863743c8fe1aa6c2b4a257226" },
    { url = "https://bdois-090779586235.d.codeartifact.ap-southeast-2.amazonaws.com/pypi/bdois/simple/coverage/7.10.2/coverage-7.10.2-cp313-cp313-manylinux1_i686.manylinux_2_28_i686.manylinux_2_5_i686.whl", hash = "sha256:11333094c1bff621aa811b67ed794865cbcaa99984dedea4bd9cf780ad64ecba" },
    { url = "https://bdois-090779586235.d.codeartifact.ap-southeast-2.amazonaws.com/pypi/bdois/simple/coverage/7.10.2/coverage-7.10.2-cp313-cp313-manylinux1_x86_64.manylinux_2_28_x86_64.manylinux_2_5_x86_64.whl", hash = "sha256:6eb586fa7d2aee8d65d5ae1dd71414020b2f447435c57ee8de8abea0a77d5074" },
    { url = "https://bdois-090779586235.d.codeartifact.ap-southeast-2.amazonaws.com/pypi/bdois/simple/coverage/7.10.2/coverage-7.10.2-cp313-cp313-manylinux2014_aarch64.manylinux_2_17_aarch64.manylinux_2_28_aarch64.whl", hash = "sha256:2d358f259d8019d4ef25d8c5b78aca4c7af25e28bd4231312911c22a0e824a57" },
    { url = "https://bdois-090779586235.d.codeartifact.ap-southeast-2.amazonaws.com/pypi/bdois/simple/coverage/7.10.2/coverage-7.10.2-cp313-cp313-musllinux_1_2_aarch64.whl", hash = "sha256:5250bda76e30382e0a2dcd68d961afcab92c3a7613606e6269855c6979a1b0bb" },
    { url = "https://bdois-090779586235.d.codeartifact.ap-southeast-2.amazonaws.com/pypi/bdois/simple/coverage/7.10.2/coverage-7.10.2-cp313-cp313-musllinux_1_2_i686.whl", hash = "sha256:a91e027d66eff214d88d9afbe528e21c9ef1ecdf4956c46e366c50f3094696d0" },
    { url = "https://bdois-090779586235.d.codeartifact.ap-southeast-2.amazonaws.com/pypi/bdois/simple/coverage/7.10.2/coverage-7.10.2-cp313-cp313-musllinux_1_2_x86_64.whl", hash = "sha256:228946da741558904e2c03ce870ba5efd9cd6e48cbc004d9a27abee08100a15a" },
    { url = "https://bdois-090779586235.d.codeartifact.ap-southeast-2.amazonaws.com/pypi/bdois/simple/coverage/7.10.2/coverage-7.10.2-cp313-cp313-win32.whl", hash = "sha256:95e23987b52d02e7c413bf2d6dc6288bd5721beb518052109a13bfdc62c8033b" },
    { url = "https://bdois-090779586235.d.codeartifact.ap-southeast-2.amazonaws.com/pypi/bdois/simple/coverage/7.10.2/coverage-7.10.2-cp313-cp313-win_amd64.whl", hash = "sha256:f35481d42c6d146d48ec92d4e239c23f97b53a3f1fbd2302e7c64336f28641fe" },
    { url = "https://bdois-090779586235.d.codeartifact.ap-southeast-2.amazonaws.com/pypi/bdois/simple/coverage/7.10.2/coverage-7.10.2-cp313-cp313-win_arm64.whl", hash = "sha256:65b451949cb789c346f9f9002441fc934d8ccedcc9ec09daabc2139ad13853f7" },
    { url = "https://bdois-090779586235.d.codeartifact.ap-southeast-2.amazonaws.com/pypi/bdois/simple/coverage/7.10.2/coverage-7.10.2-cp313-cp313t-macosx_10_13_x86_64.whl", hash = "sha256:e8415918856a3e7d57a4e0ad94651b761317de459eb74d34cc1bb51aad80f07e" },
    { url = "https://bdois-090779586235.d.codeartifact.ap-southeast-2.amazonaws.com/pypi/bdois/simple/coverage/7.10.2/coverage-7.10.2-cp313-cp313t-macosx_11_0_arm64.whl", hash = "sha256:f287a25a8ca53901c613498e4a40885b19361a2fe8fbfdbb7f8ef2cad2a23f03" },
    { url = "https://bdois-090779586235.d.codeartifact.ap-southeast-2.amazonaws.com/pypi/bdois/simple/coverage/7.10.2/coverage-7.10.2-cp313-cp313t-manylinux1_i686.manylinux_2_28_i686.manylinux_2_5_i686.whl", hash = "sha256:75cc1a3f8c88c69bf16a871dab1fe5a7303fdb1e9f285f204b60f1ee539b8fc0" },
    { url = "https://bdois-090779586235.d.codeartifact.ap-southeast-2.amazonaws.com/pypi/bdois/simple/coverage/7.10.2/coverage-7.10.2-cp313-cp313t-manylinux1_x86_64.manylinux_2_28_x86_64.manylinux_2_5_x86_64.whl", hash = "sha256:ca07fa78cc9d26bc8c4740de1abd3489cf9c47cc06d9a8ab3d552ff5101af4c0" },
    { url = "https://bdois-090779586235.d.codeartifact.ap-southeast-2.amazonaws.com/pypi/bdois/simple/coverage/7.10.2/coverage-7.10.2-cp313-cp313t-manylinux2014_aarch64.manylinux_2_17_aarch64.manylinux_2_28_aarch64.whl", hash = "sha256:c2e117e64c26300032755d4520cd769f2623cde1a1d1c3515b05a3b8add0ade1" },
    { url = "https://bdois-090779586235.d.codeartifact.ap-southeast-2.amazonaws.com/pypi/bdois/simple/coverage/7.10.2/coverage-7.10.2-cp313-cp313t-musllinux_1_2_aarch64.whl", hash = "sha256:daaf98009977f577b71f8800208f4d40d4dcf5c2db53d4d822787cdc198d76e1" },
    { url = "https://bdois-090779586235.d.codeartifact.ap-southeast-2.amazonaws.com/pypi/bdois/simple/coverage/7.10.2/coverage-7.10.2-cp313-cp313t-musllinux_1_2_i686.whl", hash = "sha256:ea8d8fe546c528535c761ba424410bbeb36ba8a0f24be653e94b70c93fd8a8ca" },
    { url = "https://bdois-090779586235.d.codeartifact.ap-southeast-2.amazonaws.com/pypi/bdois/simple/coverage/7.10.2/coverage-7.10.2-cp313-cp313t-musllinux_1_2_x86_64.whl", hash = "sha256:fe024d40ac31eb8d5aae70215b41dafa264676caa4404ae155f77d2fa95c37bb" },
    { url = "https://bdois-090779586235.d.codeartifact.ap-southeast-2.amazonaws.com/pypi/bdois/simple/coverage/7.10.2/coverage-7.10.2-cp313-cp313t-win32.whl", hash = "sha256:8f34b09f68bdadec122ffad312154eda965ade433559cc1eadd96cca3de5c824" },
    { url = "https://bdois-090779586235.d.codeartifact.ap-southeast-2.amazonaws.com/pypi/bdois/simple/coverage/7.10.2/coverage-7.10.2-cp313-cp313t-win_amd64.whl", hash = "sha256:71d40b3ac0f26fa9ffa6ee16219a714fed5c6ec197cdcd2018904ab5e75bcfa3" },
    { url = "https://bdois-090779586235.d.codeartifact.ap-southeast-2.amazonaws.com/pypi/bdois/simple/coverage/7.10.2/coverage-7.10.2-cp313-cp313t-win_arm64.whl", hash = "sha256:abb57fdd38bf6f7dcc66b38dafb7af7c5fdc31ac6029ce373a6f7f5331d6f60f" },
    { url = "https://bdois-090779586235.d.codeartifact.ap-southeast-2.amazonaws.com/pypi/bdois/simple/coverage/7.10.2/coverage-7.10.2-cp314-cp314-macosx_10_13_x86_64.whl", hash = "sha256:a3e853cc04987c85ec410905667eed4bf08b1d84d80dfab2684bb250ac8da4f6" },
    { url = "https://bdois-090779586235.d.codeartifact.ap-southeast-2.amazonaws.com/pypi/bdois/simple/coverage/7.10.2/coverage-7.10.2-cp314-cp314-macosx_11_0_arm64.whl", hash = "sha256:0100b19f230df72c90fdb36db59d3f39232391e8d89616a7de30f677da4f532b" },
    { url = "https://bdois-090779586235.d.codeartifact.ap-southeast-2.amazonaws.com/pypi/bdois/simple/coverage/7.10.2/coverage-7.10.2-cp314-cp314-manylinux1_i686.manylinux_2_28_i686.manylinux_2_5_i686.whl", hash = "sha256:9c1cd71483ea78331bdfadb8dcec4f4edfb73c7002c1206d8e0af6797853f5be" },
    { url = "https://bdois-090779586235.d.codeartifact.ap-southeast-2.amazonaws.com/pypi/bdois/simple/coverage/7.10.2/coverage-7.10.2-cp314-cp314-manylinux1_x86_64.manylinux_2_28_x86_64.manylinux_2_5_x86_64.whl", hash = "sha256:9f75dbf4899e29a37d74f48342f29279391668ef625fdac6d2f67363518056a1" },
    { url = "https://bdois-090779586235.d.codeartifact.ap-southeast-2.amazonaws.com/pypi/bdois/simple/coverage/7.10.2/coverage-7.10.2-cp314-cp314-manylinux2014_aarch64.manylinux_2_17_aarch64.manylinux_2_28_aarch64.whl", hash = "sha256:a7df481e7508de1c38b9b8043da48d94931aefa3e32b47dd20277e4978ed5b95" },
    { url = "https://bdois-090779586235.d.codeartifact.ap-southeast-2.amazonaws.com/pypi/bdois/simple/coverage/7.10.2/coverage-7.10.2-cp314-cp314-musllinux_1_2_aarch64.whl", hash = "sha256:835f39e618099325e7612b3406f57af30ab0a0af350490eff6421e2e5f608e46" },
    { url = "https://bdois-090779586235.d.codeartifact.ap-southeast-2.amazonaws.com/pypi/bdois/simple/coverage/7.10.2/coverage-7.10.2-cp314-cp314-musllinux_1_2_i686.whl", hash = "sha256:12e52b5aa00aa720097d6947d2eb9e404e7c1101ad775f9661ba165ed0a28303" },
    { url = "https://bdois-090779586235.d.codeartifact.ap-southeast-2.amazonaws.com/pypi/bdois/simple/coverage/7.10.2/coverage-7.10.2-cp314-cp314-musllinux_1_2_x86_64.whl", hash = "sha256:718044729bf1fe3e9eb9f31b52e44ddae07e434ec050c8c628bf5adc56fe4bdd" },
    { url = "https://bdois-090779586235.d.codeartifact.ap-southeast-2.amazonaws.com/pypi/bdois/simple/coverage/7.10.2/coverage-7.10.2-cp314-cp314-win32.whl", hash = "sha256:f256173b48cc68486299d510a3e729a96e62c889703807482dbf56946befb5c8" },
    { url = "https://bdois-090779586235.d.codeartifact.ap-southeast-2.amazonaws.com/pypi/bdois/simple/coverage/7.10.2/coverage-7.10.2-cp314-cp314-win_amd64.whl", hash = "sha256:2e980e4179f33d9b65ac4acb86c9c0dde904098853f27f289766657ed16e07b3" },
    { url = "https://bdois-090779586235.d.codeartifact.ap-southeast-2.amazonaws.com/pypi/bdois/simple/coverage/7.10.2/coverage-7.10.2-cp314-cp314-win_arm64.whl", hash = "sha256:14fb5b6641ab5b3c4161572579f0f2ea8834f9d3af2f7dd8fbaecd58ef9175cc" },
    { url = "https://bdois-090779586235.d.codeartifact.ap-southeast-2.amazonaws.com/pypi/bdois/simple/coverage/7.10.2/coverage-7.10.2-cp314-cp314t-macosx_10_13_x86_64.whl", hash = "sha256:e96649ac34a3d0e6491e82a2af71098e43be2874b619547c3282fc11d3840a4b" },
    { url = "https://bdois-090779586235.d.codeartifact.ap-southeast-2.amazonaws.com/pypi/bdois/simple/coverage/7.10.2/coverage-7.10.2-cp314-cp314t-macosx_11_0_arm64.whl", hash = "sha256:1a2e934e9da26341d342d30bfe91422bbfdb3f1f069ec87f19b2909d10d8dcc4" },
    { url = "https://bdois-090779586235.d.codeartifact.ap-southeast-2.amazonaws.com/pypi/bdois/simple/coverage/7.10.2/coverage-7.10.2-cp314-cp314t-manylinux1_i686.manylinux_2_28_i686.manylinux_2_5_i686.whl", hash = "sha256:651015dcd5fd9b5a51ca79ece60d353cacc5beaf304db750407b29c89f72fe2b" },
    { url = "https://bdois-090779586235.d.codeartifact.ap-southeast-2.amazonaws.com/pypi/bdois/simple/coverage/7.10.2/coverage-7.10.2-cp314-cp314t-manylinux1_x86_64.manylinux_2_28_x86_64.manylinux_2_5_x86_64.whl", hash = "sha256:81bf6a32212f9f66da03d63ecb9cd9bd48e662050a937db7199dbf47d19831de" },
    { url = "https://bdois-090779586235.d.codeartifact.ap-southeast-2.amazonaws.com/pypi/bdois/simple/coverage/7.10.2/coverage-7.10.2-cp314-cp314t-manylinux2014_aarch64.manylinux_2_17_aarch64.manylinux_2_28_aarch64.whl", hash = "sha256:d800705f6951f75a905ea6feb03fff8f3ea3468b81e7563373ddc29aa3e5d1ca" },
    { url = "https://bdois-090779586235.d.codeartifact.ap-southeast-2.amazonaws.com/pypi/bdois/simple/coverage/7.10.2/coverage-7.10.2-cp314-cp314t-musllinux_1_2_aarch64.whl", hash = "sha256:248b5394718e10d067354448dc406d651709c6765669679311170da18e0e9af8" },
    { url = "https://bdois-090779586235.d.codeartifact.ap-southeast-2.amazonaws.com/pypi/bdois/simple/coverage/7.10.2/coverage-7.10.2-cp314-cp314t-musllinux_1_2_i686.whl", hash = "sha256:5c61675a922b569137cf943770d7ad3edd0202d992ce53ac328c5ff68213ccf4" },
    { url = "https://bdois-090779586235.d.codeartifact.ap-southeast-2.amazonaws.com/pypi/bdois/simple/coverage/7.10.2/coverage-7.10.2-cp314-cp314t-musllinux_1_2_x86_64.whl", hash = "sha256:52d708b5fd65589461381fa442d9905f5903d76c086c6a4108e8e9efdca7a7ed" },
    { url = "https://bdois-090779586235.d.codeartifact.ap-southeast-2.amazonaws.com/pypi/bdois/simple/coverage/7.10.2/coverage-7.10.2-cp314-cp314t-win32.whl", hash = "sha256:916369b3b914186b2c5e5ad2f7264b02cff5df96cdd7cdad65dccd39aa5fd9f0" },
    { url = "https://bdois-090779586235.d.codeartifact.ap-southeast-2.amazonaws.com/pypi/bdois/simple/coverage/7.10.2/coverage-7.10.2-cp314-cp314t-win_amd64.whl", hash = "sha256:5b9d538e8e04916a5df63052d698b30c74eb0174f2ca9cd942c981f274a18eaf" },
    { url = "https://bdois-090779586235.d.codeartifact.ap-southeast-2.amazonaws.com/pypi/bdois/simple/coverage/7.10.2/coverage-7.10.2-cp314-cp314t-win_arm64.whl", hash = "sha256:04c74f9ef1f925456a9fd23a7eef1103126186d0500ef9a0acb0bd2514bdc7cc" },
    { url = "https://bdois-090779586235.d.codeartifact.ap-southeast-2.amazonaws.com/pypi/bdois/simple/coverage/7.10.2/coverage-7.10.2-py3-none-any.whl", hash = "sha256:95db3750dd2e6e93d99fa2498f3a1580581e49c494bddccc6f85c5c21604921f" },
]

[[package]]
name = "hatchling"
version = "1.27.0"
source = { registry = "https://bdois-090779586235.d.codeartifact.ap-southeast-2.amazonaws.com/pypi/bdois/simple/" }
dependencies = [
    { name = "packaging" },
    { name = "pathspec" },
    { name = "pluggy" },
    { name = "trove-classifiers" },
]
sdist = { url = "https://bdois-090779586235.d.codeartifact.ap-southeast-2.amazonaws.com/pypi/bdois/simple/hatchling/1.27.0/hatchling-1.27.0.tar.gz", hash = "sha256:971c296d9819abb3811112fc52c7a9751c8d381898f36533bb16f9791e941fd6" }
wheels = [
    { url = "https://bdois-090779586235.d.codeartifact.ap-southeast-2.amazonaws.com/pypi/bdois/simple/hatchling/1.27.0/hatchling-1.27.0-py3-none-any.whl", hash = "sha256:d3a2f3567c4f926ea39849cdf924c7e99e6686c9c8e288ae1037c8fa2a5d937b" },
]

[[package]]
name = "iniconfig"
version = "2.1.0"
source = { registry = "https://bdois-090779586235.d.codeartifact.ap-southeast-2.amazonaws.com/pypi/bdois/simple/" }
sdist = { url = "https://bdois-090779586235.d.codeartifact.ap-southeast-2.amazonaws.com/pypi/bdois/simple/iniconfig/2.1.0/iniconfig-2.1.0.tar.gz", hash = "sha256:3abbd2e30b36733fee78f9c7f7308f2d0050e88f0087fd25c2645f63c773e1c7" }
wheels = [
    { url = "https://bdois-090779586235.d.codeartifact.ap-southeast-2.amazonaws.com/pypi/bdois/simple/iniconfig/2.1.0/iniconfig-2.1.0-py3-none-any.whl", hash = "sha256:9deba5723312380e77435581c6bf4935c94cbfab9b1ed33ef8d238ea168eb760" },
]

[[package]]
name = "jmespath"
version = "1.0.1"
source = { registry = "https://bdois-090779586235.d.codeartifact.ap-southeast-2.amazonaws.com/pypi/bdois/simple/" }
sdist = { url = "https://bdois-090779586235.d.codeartifact.ap-southeast-2.amazonaws.com/pypi/bdois/simple/jmespath/1.0.1/jmespath-1.0.1.tar.gz", hash = "sha256:90261b206d6defd58fdd5e85f478bf633a2901798906be2ad389150c5c60edbe" }
wheels = [
    { url = "https://bdois-090779586235.d.codeartifact.ap-southeast-2.amazonaws.com/pypi/bdois/simple/jmespath/1.0.1/jmespath-1.0.1-py3-none-any.whl", hash = "sha256:02e2e4cc71b5bcab88332eebf907519190dd9e6e82107fa7f83b1003a6252980" },
]

[[package]]
name = "nuql"
version = "0.0.1"
source = { editable = "." }
dependencies = [
    { name = "boto3" },
    { name = "pyparsing" },
    { name = "python-ulid" },
    { name = "uuid-utils" },
]

[package.dev-dependencies]
dev = [
    { name = "hatchling" },
]
testing = [
    { name = "coverage" },
    { name = "pytest" },
]

[package.metadata]
requires-dist = [
    { name = "boto3", specifier = ">=1.40.0" },
    { name = "pyparsing", specifier = ">=3.2.3" },
    { name = "python-ulid", specifier = ">=3.0.0" },
    { name = "uuid-utils", specifier = ">=0.11.0" },
]

[package.metadata.requires-dev]
dev = [{ name = "hatchling", specifier = ">=1.27.0" }]
testing = [
    { name = "coverage", specifier = ">=7.10.2" },
    { name = "pytest", specifier = ">=8.4.1" },
]

[[package]]
name = "packaging"
version = "25.0"
source = { registry = "https://bdois-090779586235.d.codeartifact.ap-southeast-2.amazonaws.com/pypi/bdois/simple/" }
sdist = { url = "https://bdois-090779586235.d.codeartifact.ap-southeast-2.amazonaws.com/pypi/bdois/simple/packaging/25.0/packaging-25.0.tar.gz", hash = "sha256:d443872c98d677bf60f6a1f2f8c1cb748e8fe762d2bf9d3148b5599295b0fc4f" }
wheels = [
    { url = "https://bdois-090779586235.d.codeartifact.ap-southeast-2.amazonaws.com/pypi/bdois/simple/packaging/25.0/packaging-25.0-py3-none-any.whl", hash = "sha256:29572ef2b1f17581046b3a2227d5c611fb25ec70ca1ba8554b24b0e69331a484" },
]

[[package]]
name = "pathspec"
version = "0.12.1"
source = { registry = "https://bdois-090779586235.d.codeartifact.ap-southeast-2.amazonaws.com/pypi/bdois/simple/" }
sdist = { url = "https://bdois-090779586235.d.codeartifact.ap-southeast-2.amazonaws.com/pypi/bdois/simple/pathspec/0.12.1/pathspec-0.12.1.tar.gz", hash = "sha256:a482d51503a1ab33b1c67a6c3813a26953dbdc71c31dacaef9a838c4e29f5712" }
wheels = [
    { url = "https://bdois-090779586235.d.codeartifact.ap-southeast-2.amazonaws.com/pypi/bdois/simple/pathspec/0.12.1/pathspec-0.12.1-py3-none-any.whl", hash = "sha256:a0d503e138a4c123b27490a4f7beda6a01c6f288df0e4a8b79c7eb0dc7b4cc08" },
]

[[package]]
name = "pluggy"
version = "1.6.0"
source = { registry = "https://bdois-090779586235.d.codeartifact.ap-southeast-2.amazonaws.com/pypi/bdois/simple/" }
sdist = { url = "https://bdois-090779586235.d.codeartifact.ap-southeast-2.amazonaws.com/pypi/bdois/simple/pluggy/1.6.0/pluggy-1.6.0.tar.gz", hash = "sha256:7dcc130b76258d33b90f61b658791dede3486c3e6bfb003ee5c9bfb396dd22f3" }
wheels = [
    { url = "https://bdois-090779586235.d.codeartifact.ap-southeast-2.amazonaws.com/pypi/bdois/simple/pluggy/1.6.0/pluggy-1.6.0-py3-none-any.whl", hash = "sha256:e920276dd6813095e9377c0bc5566d94c932c33b27a3e3945d8389c374dd4746" },
]

[[package]]
name = "pygments"
version = "2.19.2"
source = { registry = "https://bdois-090779586235.d.codeartifact.ap-southeast-2.amazonaws.com/pypi/bdois/simple/" }
sdist = { url = "https://bdois-090779586235.d.codeartifact.ap-southeast-2.amazonaws.com/pypi/bdois/simple/pygments/2.19.2/pygments-2.19.2.tar.gz", hash = "sha256:636cb2477cec7f8952536970bc533bc43743542f70392ae026374600add5b887" }
wheels = [
    { url = "https://bdois-090779586235.d.codeartifact.ap-southeast-2.amazonaws.com/pypi/bdois/simple/pygments/2.19.2/pygments-2.19.2-py3-none-any.whl", hash = "sha256:86540386c03d588bb81d44bc3928634ff26449851e99741617ecb9037ee5ec0b" },
]

[[package]]
name = "pyparsing"
version = "3.2.3"
source = { registry = "https://bdois-090779586235.d.codeartifact.ap-southeast-2.amazonaws.com/pypi/bdois/simple/" }
sdist = { url = "https://bdois-090779586235.d.codeartifact.ap-southeast-2.amazonaws.com/pypi/bdois/simple/pyparsing/3.2.3/pyparsing-3.2.3.tar.gz", hash = "sha256:b9c13f1ab8b3b542f72e28f634bad4de758ab3ce4546e4301970ad6fa77c38be" }
wheels = [
    { url = "https://bdois-090779586235.d.codeartifact.ap-southeast-2.amazonaws.com/pypi/bdois/simple/pyparsing/3.2.3/pyparsing-3.2.3-py3-none-any.whl", hash = "sha256:a749938e02d6fd0b59b356ca504a24982314bb090c383e3cf201c95ef7e2bfcf" },
]

[[package]]
name = "pytest"
version = "8.4.1"
source = { registry = "https://bdois-090779586235.d.codeartifact.ap-southeast-2.amazonaws.com/pypi/bdois/simple/" }
dependencies = [
    { name = "colorama", marker = "sys_platform == 'win32'" },
    { name = "iniconfig" },
    { name = "packaging" },
    { name = "pluggy" },
    { name = "pygments" },
]
sdist = { url = "https://bdois-090779586235.d.codeartifact.ap-southeast-2.amazonaws.com/pypi/bdois/simple/pytest/8.4.1/pytest-8.4.1.tar.gz", hash = "sha256:7c67fd69174877359ed9371ec3af8a3d2b04741818c51e5e99cc1742251fa93c" }
wheels = [
    { url = "https://bdois-090779586235.d.codeartifact.ap-southeast-2.amazonaws.com/pypi/bdois/simple/pytest/8.4.1/pytest-8.4.1-py3-none-any.whl", hash = "sha256:539c70ba6fcead8e78eebbf1115e8b589e7565830d7d006a8723f19ac8a0afb7" },
]

[[package]]
name = "python-dateutil"
version = "2.9.0.post0"
source = { registry = "https://bdois-090779586235.d.codeartifact.ap-southeast-2.amazonaws.com/pypi/bdois/simple/" }
dependencies = [
    { name = "six" },
]
sdist = { url = "https://bdois-090779586235.d.codeartifact.ap-southeast-2.amazonaws.com/pypi/bdois/simple/python-dateutil/2.9.0.post0/python-dateutil-2.9.0.post0.tar.gz", hash = "sha256:37dd54208da7e1cd875388217d5e00ebd4179249f90fb72437e91a35459a0ad3" }
wheels = [
    { url = "https://bdois-090779586235.d.codeartifact.ap-southeast-2.amazonaws.com/pypi/bdois/simple/python-dateutil/2.9.0.post0/python_dateutil-2.9.0.post0-py2.py3-none-any.whl", hash = "sha256:a8b2bc7bffae282281c8140a97d3aa9c14da0b136dfe83f850eea9a5f7470427" },
]

[[package]]
name = "python-ulid"
version = "3.0.0"
source = { registry = "https://bdois-090779586235.d.codeartifact.ap-southeast-2.amazonaws.com/pypi/bdois/simple/" }
sdist = { url = "https://bdois-090779586235.d.codeartifact.ap-southeast-2.amazonaws.com/pypi/bdois/simple/python-ulid/3.0.0/python_ulid-3.0.0.tar.gz", hash = "sha256:e50296a47dc8209d28629a22fc81ca26c00982c78934bd7766377ba37ea49a9f" }
wheels = [
    { url = "https://bdois-090779586235.d.codeartifact.ap-southeast-2.amazonaws.com/pypi/bdois/simple/python-ulid/3.0.0/python_ulid-3.0.0-py3-none-any.whl", hash = "sha256:e4c4942ff50dbd79167ad01ac725ec58f924b4018025ce22c858bfcff99a5e31" },
]

[[package]]
name = "s3transfer"
version = "0.13.1"
source = { registry = "https://bdois-090779586235.d.codeartifact.ap-southeast-2.amazonaws.com/pypi/bdois/simple/" }
dependencies = [
    { name = "botocore" },
]
sdist = { url = "https://bdois-090779586235.d.codeartifact.ap-southeast-2.amazonaws.com/pypi/bdois/simple/s3transfer/0.13.1/s3transfer-0.13.1.tar.gz", hash = "sha256:c3fdba22ba1bd367922f27ec8032d6a1cf5f10c934fb5d68cf60fd5a23d936cf" }
wheels = [
    { url = "https://bdois-090779586235.d.codeartifact.ap-southeast-2.amazonaws.com/pypi/bdois/simple/s3transfer/0.13.1/s3transfer-0.13.1-py3-none-any.whl", hash = "sha256:a981aa7429be23fe6dfc13e80e4020057cbab622b08c0315288758d67cabc724" },
]

[[package]]
name = "six"
version = "1.17.0"
source = { registry = "https://bdois-090779586235.d.codeartifact.ap-southeast-2.amazonaws.com/pypi/bdois/simple/" }
sdist = { url = "https://bdois-090779586235.d.codeartifact.ap-southeast-2.amazonaws.com/pypi/bdois/simple/six/1.17.0/six-1.17.0.tar.gz", hash = "sha256:ff70335d468e7eb6ec65b95b99d3a2836546063f63acc5171de367e834932a81" }
wheels = [
    { url = "https://bdois-090779586235.d.codeartifact.ap-southeast-2.amazonaws.com/pypi/bdois/simple/six/1.17.0/six-1.17.0-py2.py3-none-any.whl", hash = "sha256:4721f391ed90541fddacab5acf947aa0d3dc7d27b2e1e8eda2be8970586c3274" },
]

[[package]]
name = "trove-classifiers"
version = "2025.8.6.13"
source = { registry = "https://bdois-090779586235.d.codeartifact.ap-southeast-2.amazonaws.com/pypi/bdois/simple/" }
sdist = { url = "https://bdois-090779586235.d.codeartifact.ap-southeast-2.amazonaws.com/pypi/bdois/simple/trove-classifiers/2025.8.6.13/trove_classifiers-2025.8.6.13.tar.gz", hash = "sha256:5a0abad839d2ed810f213ab133d555d267124ddea29f1d8a50d6eca12a50ae6e" }
wheels = [
    { url = "https://bdois-090779586235.d.codeartifact.ap-southeast-2.amazonaws.com/pypi/bdois/simple/trove-classifiers/2025.8.6.13/trove_classifiers-2025.8.6.13-py3-none-any.whl", hash = "sha256:c4e7fc83012770d80b3ae95816111c32b085716374dccee0d3fbf5c235495f9f" },
]

[[package]]
name = "urllib3"
version = "2.5.0"
source = { registry = "https://bdois-090779586235.d.codeartifact.ap-southeast-2.amazonaws.com/pypi/bdois/simple/" }
sdist = { url = "https://bdois-090779586235.d.codeartifact.ap-southeast-2.amazonaws.com/pypi/bdois/simple/urllib3/2.5.0/urllib3-2.5.0.tar.gz", hash = "sha256:3fc47733c7e419d4bc3f6b3dc2b4f890bb743906a30d56ba4a5bfa4bbff92760" }
wheels = [
    { url = "https://bdois-090779586235.d.codeartifact.ap-southeast-2.amazonaws.com/pypi/bdois/simple/urllib3/2.5.0/urllib3-2.5.0-py3-none-any.whl", hash = "sha256:e6b01673c0fa6a13e374b50871808eb3bf7046c4b125b216f6bf1cc604cff0dc" },
]

[[package]]
name = "uuid-utils"
version = "0.11.0"
source = { registry = "https://bdois-090779586235.d.codeartifact.ap-southeast-2.amazonaws.com/pypi/bdois/simple/" }
sdist = { url = "https://bdois-090779586235.d.codeartifact.ap-southeast-2.amazonaws.com/pypi/bdois/simple/uuid-utils/0.11.0/uuid_utils-0.11.0.tar.gz", hash = "sha256:18cf2b7083da7f3cca0517647213129eb16d20d7ed0dd74b3f4f8bff2aa334ea" }
wheels = [
    { url = "https://bdois-090779586235.d.codeartifact.ap-southeast-2.amazonaws.com/pypi/bdois/simple/uuid-utils/0.11.0/uuid_utils-0.11.0-cp39-abi3-macosx_10_12_x86_64.macosx_11_0_arm64.macosx_10_12_universal2.whl", hash = "sha256:094445ccd323bc5507e28e9d6d86b983513efcf19ab59c2dd75239cef765631a" },
    { url = "https://bdois-090779586235.d.codeartifact.ap-southeast-2.amazonaws.com/pypi/bdois/simple/uuid-utils/0.11.0/uuid_utils-0.11.0-cp39-abi3-macosx_10_12_x86_64.whl", hash = "sha256:6430b53d343215f85269ffd74e1d1f4b25ae1031acf0ac24ff3d5721f6a06f48" },
    { url = "https://bdois-090779586235.d.codeartifact.ap-southeast-2.amazonaws.com/pypi/bdois/simple/uuid-utils/0.11.0/uuid_utils-0.11.0-cp39-abi3-manylinux_2_17_aarch64.manylinux2014_aarch64.whl", hash = "sha256:be2e6e4318d23195887fa74fa1d64565a34f7127fdcf22918954981d79765f68" },
    { url = "https://bdois-090779586235.d.codeartifact.ap-southeast-2.amazonaws.com/pypi/bdois/simple/uuid-utils/0.11.0/uuid_utils-0.11.0-cp39-abi3-manylinux_2_17_armv7l.manylinux2014_armv7l.whl", hash = "sha256:d37289ab72aa30b5550bfa64d91431c62c89e4969bdf989988aa97f918d5f803" },
    { url = "https://bdois-090779586235.d.codeartifact.ap-southeast-2.amazonaws.com/pypi/bdois/simple/uuid-utils/0.11.0/uuid_utils-0.11.0-cp39-abi3-manylinux_2_17_ppc64le.manylinux2014_ppc64le.whl", hash = "sha256:1012595220f945fe09641f1365a8a06915bf432cac1b31ebd262944934a9b787" },
    { url = "https://bdois-090779586235.d.codeartifact.ap-southeast-2.amazonaws.com/pypi/bdois/simple/uuid-utils/0.11.0/uuid_utils-0.11.0-cp39-abi3-manylinux_2_17_x86_64.manylinux2014_x86_64.whl", hash = "sha256:35cd3fc718a673e4516e87afb9325558969eca513aa734515b9031d1b651bbb1" },
    { url = "https://bdois-090779586235.d.codeartifact.ap-southeast-2.amazonaws.com/pypi/bdois/simple/uuid-utils/0.11.0/uuid_utils-0.11.0-cp39-abi3-manylinux_2_5_i686.manylinux1_i686.whl", hash = "sha256:ed325e0c40e0f59ae82b347f534df954b50cedf12bf60d025625538530e1965d" },
    { url = "https://bdois-090779586235.d.codeartifact.ap-southeast-2.amazonaws.com/pypi/bdois/simple/uuid-utils/0.11.0/uuid_utils-0.11.0-cp39-abi3-musllinux_1_2_aarch64.whl", hash = "sha256:5c8b7cf201990ee3140956e541967bd556a7365ec738cb504b04187ad89c757a" },
    { url = "https://bdois-090779586235.d.codeartifact.ap-southeast-2.amazonaws.com/pypi/bdois/simple/uuid-utils/0.11.0/uuid_utils-0.11.0-cp39-abi3-musllinux_1_2_i686.whl", hash = "sha256:9966df55bed5d538ba2e9cc40115796480f437f9007727116ef99dc2f42bd5fa" },
    { url = "https://bdois-090779586235.d.codeartifact.ap-southeast-2.amazonaws.com/pypi/bdois/simple/uuid-utils/0.11.0/uuid_utils-0.11.0-cp39-abi3-musllinux_1_2_x86_64.whl", hash = "sha256:cb04b6c604968424b7e6398d54debbdd5b771b39fc1e648c6eabf3f1dc20582e" },
    { url = "https://bdois-090779586235.d.codeartifact.ap-southeast-2.amazonaws.com/pypi/bdois/simple/uuid-utils/0.11.0/uuid_utils-0.11.0-cp39-abi3-win32.whl", hash = "sha256:18420eb3316bb514f09f2da15750ac135478c3a12a704e2c5fb59eab642bb255" },
    { url = "https://bdois-090779586235.d.codeartifact.ap-southeast-2.amazonaws.com/pypi/bdois/simple/uuid-utils/0.11.0/uuid_utils-0.11.0-cp39-abi3-win_amd64.whl", hash = "sha256:37c4805af61a7cce899597d34e7c3dd5cb6a8b4b93a90fbca3826b071ba544df" },
    { url = "https://bdois-090779586235.d.codeartifact.ap-southeast-2.amazonaws.com/pypi/bdois/simple/uuid-utils/0.11.0/uuid_utils-0.11.0-cp39-abi3-win_arm64.whl", hash = "sha256:4065cf17bbe97f6d8ccc7dc6a0bae7d28fd4797d7f32028a5abd979aeb7bf7c9" },
]
